
Microsoft Visual Studio Solution File, Format Version 12.00
# Visual Studio Version 16
VisualStudioVersion = 16.0.32228.343
MinimumVisualStudioVersion = 10.0.40219.1
Project("{F184B08F-C81C-45F6-A57F-5ABD9991F28F}") = "Trabanwaan", "Trabanwaan.vbproj", "{AE51D7D4-247B-4916-85CA-EE1CBDDFA5BD}"
EndProject
Global
	GlobalSection(SolutionConfigurationPlatforms) = preSolution
		Debug|Any CPU = Debug|Any CPU
		Release|Any CPU = Release|Any CPU
	EndGlobalSection
	GlobalSection(ProjectConfigurationPlatforms) = postSolution
		{AE51D7D4-247B-4916-85CA-EE1CBDDFA5BD}.Debug|Any CPU.ActiveCfg = Debug|Any CPU
		{AE51D7D4-247B-4916-85CA-EE1CBDDFA5BD}.Debug|Any CPU.Build.0 = Debug|Any CPU
		{AE51D7D4-247B-4916-85CA-EE1CBDDFA5BD}.Release|Any CPU.ActiveCfg = Release|Any CPU
		{AE51D7D4-247B-4916-85CA-EE1CBDDFA5BD}.Release|Any CPU.Build.0 = Release|Any CPU
	EndGlobalSection
	GlobalSection(SolutionProperties) = preSolution
		HideSolutionNode = FALSE
	EndGlobalSection
	GlobalSection(ExtensibilityGlobals) = postSolution
		SolutionGuid = {C8DE6BEE-2FB9-430C-B16E-6DDCFA323B49}
	EndGlobalSection
EndGlobal
